{
  "name": "service_api",
  "version": "1.0.0",
  "lockfileVersion": 3,
  "requires": true,
  "packages": {
    "": {
      "name": "service_api",
      "version": "1.0.0",
      "license": "ISC",
      "dependencies": {
        "koffi": "^2.15.1"
      }
    },
    "node_modules/koffi": {
      "version": "2.15.1",
      "resolved": "https://registry.npmjs.org/koffi/-/koffi-2.15.1.tgz",
      "integrity": "sha512-mnc0C0crx/xMSljb5s9QbnLrlFHprioFO1hkXyuSuO/QtbpLDa0l/uM21944UfQunMKmp3/r789DTDxVyyH6aA==",
      "hasInstallScript": true,
      "license": "MIT",
      "funding": {
        "url": "https://liberapay.com/Koromix"
      }
    }
  }
}
