{
  "name": "@ulyssedu45/service_api",
  "version": "1.1.1",
  "lockfileVersion": 3,
  "requires": true,
  "packages": {
    "": {
      "name": "@ulyssedu45/service_api",
      "version": "1.1.1",
      "license": "ISC",
      "dependencies": {
        "koffi": "^3.1.3"
      },
      "devDependencies": {
        "@types/node": "^25.3.0",
        "typescript": "^5.9.3"
      },
      "engines": {
        "node": ">=18.0.0"
      }
    },
    "node_modules/@koromix/koffi-darwin-arm64": {
      "version": "3.1.3",
      "resolved": "https://registry.npmjs.org/@koromix/koffi-darwin-arm64/-/koffi-darwin-arm64-3.1.3.tgz",
      "integrity": "sha512-VIyYDnYYu8cbQYnnojaHYCnN9MCPr59PEYCSp1UTdSrggo6gmQeDtVlZq0FfMacejFO6cZOUqf1iaogEzaWQVg==",
      "cpu": [
        "arm64"
      ],
      "license": "MIT",
      "optional": true,
      "os": [
        "darwin"
      ],
      "funding": {
        "url": "https://liberapay.com/Koromix"
      }
    },
    "node_modules/@koromix/koffi-darwin-x64": {
      "version": "3.1.3",
      "resolved": "https://registry.npmjs.org/@koromix/koffi-darwin-x64/-/koffi-darwin-x64-3.1.3.tgz",
      "integrity": "sha512-bs+I7ZLvJtxKP0/MJEFxib8haqpK23OohtE+gV7UD6XHhvTNXtfJ6SIgASl8YWZ03zwE0C/ve9DrHLgqR585PA==",
      "cpu": [
        "x64"
      ],
      "license": "MIT",
      "optional": true,
      "os": [
        "darwin"
      ],
      "funding": {
        "url": "https://liberapay.com/Koromix"
      }
    },
    "node_modules/@koromix/koffi-freebsd-arm64": {
      "version": "3.1.3",
      "resolved": "https://registry.npmjs.org/@koromix/koffi-freebsd-arm64/-/koffi-freebsd-arm64-3.1.3.tgz",
      "integrity": "sha512-I6l5cFIxxuNYjs+Ln8MTM4c4xbY/iK2Wi1ySJ+kraVsUkSTrNe1eft8ws7jQeaeN1O+299EmgMHnYinut+YGQw==",
      "cpu": [
        "arm64"
      ],
      "license": "MIT",
      "optional": true,
      "os": [
        "freebsd"
      ],
      "funding": {
        "url": "https://liberapay.com/Koromix"
      }
    },
    "node_modules/@koromix/koffi-freebsd-ia32": {
      "version": "3.1.3",
      "resolved": "https://registry.npmjs.org/@koromix/koffi-freebsd-ia32/-/koffi-freebsd-ia32-3.1.3.tgz",
      "integrity": "sha512-mA0z1yHJ82mPFX9zgh/ZFn5AUywIV0qtx1/h596kq1lRtt9ReYtBEEGrcjEoxuTzYdcBa5KU5OJ8bRtoQJCpDA==",
      "cpu": [
        "ia32"
      ],
      "license": "MIT",
      "optional": true,
      "os": [
        "freebsd"
      ],
      "funding": {
        "url": "https://liberapay.com/Koromix"
      }
    },
    "node_modules/@koromix/koffi-freebsd-x64": {
      "version": "3.1.3",
      "resolved": "https://registry.npmjs.org/@koromix/koffi-freebsd-x64/-/koffi-freebsd-x64-3.1.3.tgz",
      "integrity": "sha512-btNbz7fRs8q14E7aoZZDI/99Zwh5gvYVyy5ZQ8fvqBMBgNCwA8sf49gwY4ZFkm7/jKPBBrMkGEnUCoy2ROmKmg==",
      "cpu": [
        "x64"
      ],
      "license": "MIT",
      "optional": true,
      "os": [
        "freebsd"
      ],
      "funding": {
        "url": "https://liberapay.com/Koromix"
      }
    },
    "node_modules/@koromix/koffi-linux-arm64": {
      "version": "3.1.3",
      "resolved": "https://registry.npmjs.org/@koromix/koffi-linux-arm64/-/koffi-linux-arm64-3.1.3.tgz",
      "integrity": "sha512-SHxbKavYsOZCaruWwbKDbv/k/1RM44aZBCAVp92KMjdc1Kvrqih3JlE+i/elT52ew6ILwJ5rUXaExmLbCS3G0A==",
      "cpu": [
        "arm64"
      ],
      "license": "MIT",
      "optional": true,
      "os": [
        "linux"
      ],
      "funding": {
        "url": "https://liberapay.com/Koromix"
      }
    },
    "node_modules/@koromix/koffi-linux-ia32": {
      "version": "3.1.3",
      "resolved": "https://registry.npmjs.org/@koromix/koffi-linux-ia32/-/koffi-linux-ia32-3.1.3.tgz",
      "integrity": "sha512-L3nLiJGKTIxhF+dLLYaD40Enclfr86HFqjNJCslU3dYxiGHAv8I2lrGDv9fkSOCCqUcmJHsNbmWY8EzZuUJWnQ==",
      "cpu": [
        "ia32"
      ],
      "license": "MIT",
      "optional": true,
      "os": [
        "linux"
      ],
      "funding": {
        "url": "https://liberapay.com/Koromix"
      }
    },
    "node_modules/@koromix/koffi-linux-loong64": {
      "version": "3.1.3",
      "resolved": "https://registry.npmjs.org/@koromix/koffi-linux-loong64/-/koffi-linux-loong64-3.1.3.tgz",
      "integrity": "sha512-RvmSfKRvViKbf1yK7ZF2CFf6jvq7pCgxvwzF5/Ugi57R6d7HPKmHXYzAqj5tStitatjk2dbLxpgnKCpTj3iE1A==",
      "cpu": [
        "loong64"
      ],
      "license": "MIT",
      "optional": true,
      "os": [
        "linux"
      ],
      "funding": {
        "url": "https://liberapay.com/Koromix"
      }
    },
    "node_modules/@koromix/koffi-linux-riscv64": {
      "version": "3.1.3",
      "resolved": "https://registry.npmjs.org/@koromix/koffi-linux-riscv64/-/koffi-linux-riscv64-3.1.3.tgz",
      "integrity": "sha512-eyIjwmnCi6xLHt9z3K9Z7Q4on51Pb7ITpBp2SoACzvxtaY1tCZP3YgapsQn05RwN+fAdTfb/tt+bhWQVPxgFOQ==",
      "cpu": [
        "riscv64"
      ],
      "license": "MIT",
      "optional": true,
      "os": [
        "linux"
      ],
      "funding": {
        "url": "https://liberapay.com/Koromix"
      }
    },
    "node_modules/@koromix/koffi-linux-x64": {
      "version": "3.1.3",
      "resolved": "https://registry.npmjs.org/@koromix/koffi-linux-x64/-/koffi-linux-x64-3.1.3.tgz",
      "integrity": "sha512-bn9Wu+ii+k/lYuj9ONAf3Y8V7izhoovWjd35IJ2u6ve0NjiXjSna63+SFhOaChE1DwutuIZD5BlSUqVeqxGoPQ==",
      "cpu": [
        "x64"
      ],
      "license": "MIT",
      "optional": true,
      "os": [
        "linux"
      ],
      "funding": {
        "url": "https://liberapay.com/Koromix"
      }
    },
    "node_modules/@koromix/koffi-openbsd-ia32": {
      "version": "3.1.3",
      "resolved": "https://registry.npmjs.org/@koromix/koffi-openbsd-ia32/-/koffi-openbsd-ia32-3.1.3.tgz",
      "integrity": "sha512-vRnfIqOC6qHe+ImvpMwaPrgRUqEsanncb2k8NNLTirjPxC6BXTDz68YPwC5ddFs+If3ua69KWEH/mGHFdXCgVQ==",
      "cpu": [
        "ia32"
      ],
      "license": "MIT",
      "optional": true,
      "os": [
        "openbsd"
      ],
      "funding": {
        "url": "https://liberapay.com/Koromix"
      }
    },
    "node_modules/@koromix/koffi-openbsd-x64": {
      "version": "3.1.3",
      "resolved": "https://registry.npmjs.org/@koromix/koffi-openbsd-x64/-/koffi-openbsd-x64-3.1.3.tgz",
      "integrity": "sha512-kgopedPMAXaGxmq0ZDVqqPZDuPQAbpnXk9JbeVF8oCd184iaFJ2cvRnpnOGhiX7mTShsKfKaBBuin2bvoj/LLw==",
      "cpu": [
        "x64"
      ],
      "license": "MIT",
      "optional": true,
      "os": [
        "openbsd"
      ],
      "funding": {
        "url": "https://liberapay.com/Koromix"
      }
    },
    "node_modules/@koromix/koffi-win32-arm64": {
      "version": "3.1.3",
      "resolved": "https://registry.npmjs.org/@koromix/koffi-win32-arm64/-/koffi-win32-arm64-3.1.3.tgz",
      "integrity": "sha512-fpF9hZzoVJH4ne3QF4uAwVSBdjYP/raztLh4YThT2deIe3mkD48VilrU3M4vTLokNqZkDcCZPCBPI79ri/yJeg==",
      "cpu": [
        "arm64"
      ],
      "license": "MIT",
      "optional": true,
      "os": [
        "win32"
      ],
      "funding": {
        "url": "https://liberapay.com/Koromix"
      }
    },
    "node_modules/@koromix/koffi-win32-ia32": {
      "version": "3.1.3",
      "resolved": "https://registry.npmjs.org/@koromix/koffi-win32-ia32/-/koffi-win32-ia32-3.1.3.tgz",
      "integrity": "sha512-HnSOWEhFV7lH5K74Xs2e1KOvWES4CMh7YOMrCWDPUx1/Swh07E0Rdfa8lGgMdQ8RuMoOxOQCytF9Ub6usK0jQw==",
      "cpu": [
        "ia32"
      ],
      "license": "MIT",
      "optional": true,
      "os": [
        "win32"
      ],
      "funding": {
        "url": "https://liberapay.com/Koromix"
      }
    },
    "node_modules/@koromix/koffi-win32-x64": {
      "version": "3.1.3",
      "resolved": "https://registry.npmjs.org/@koromix/koffi-win32-x64/-/koffi-win32-x64-3.1.3.tgz",
      "integrity": "sha512-0twYv+1TNwJW06Aa/0E569bKYDRBxJwowXOd2/sZD4bcjvKNZq7/dEATCwsfbFGb1q73p3QOdeGF1NYBMxwn0g==",
      "cpu": [
        "x64"
      ],
      "license": "MIT",
      "optional": true,
      "os": [
        "win32"
      ],
      "funding": {
        "url": "https://liberapay.com/Koromix"
      }
    },
    "node_modules/@types/node": {
      "version": "25.3.0",
      "resolved": "https://registry.npmjs.org/@types/node/-/node-25.3.0.tgz",
      "integrity": "sha512-4K3bqJpXpqfg2XKGK9bpDTc6xO/xoUP/RBWS7AtRMug6zZFaRekiLzjVtAoZMquxoAbzBvy5nxQ7veS5eYzf8A==",
      "dev": true,
      "license": "MIT",
      "dependencies": {
        "undici-types": "~7.18.0"
      }
    },
    "node_modules/koffi": {
      "version": "3.1.3",
      "resolved": "https://registry.npmjs.org/koffi/-/koffi-3.1.3.tgz",
      "integrity": "sha512-JKlHsDCIREu7wfg7W+oO+cNuJGXk4ZmpcdmYRlNJmyQL+xVmAAFH9sgcZ4ejEIx7O3vM31qtRWW13nHOyM8v4w==",
      "hasInstallScript": true,
      "license": "MIT",
      "funding": {
        "url": "https://liberapay.com/Koromix"
      },
      "optionalDependencies": {
        "@koromix/koffi-darwin-arm64": "3.1.3",
        "@koromix/koffi-darwin-x64": "3.1.3",
        "@koromix/koffi-freebsd-arm64": "3.1.3",
        "@koromix/koffi-freebsd-ia32": "3.1.3",
        "@koromix/koffi-freebsd-x64": "3.1.3",
        "@koromix/koffi-linux-arm64": "3.1.3",
        "@koromix/koffi-linux-ia32": "3.1.3",
        "@koromix/koffi-linux-loong64": "3.1.3",
        "@koromix/koffi-linux-riscv64": "3.1.3",
        "@koromix/koffi-linux-x64": "3.1.3",
        "@koromix/koffi-openbsd-ia32": "3.1.3",
        "@koromix/koffi-openbsd-x64": "3.1.3",
        "@koromix/koffi-win32-arm64": "3.1.3",
        "@koromix/koffi-win32-ia32": "3.1.3",
        "@koromix/koffi-win32-x64": "3.1.3"
      }
    },
    "node_modules/typescript": {
      "version": "5.9.3",
      "resolved": "https://registry.npmjs.org/typescript/-/typescript-5.9.3.tgz",
      "integrity": "sha512-jl1vZzPDinLr9eUt3J/t7V6FgNEw9QjvBPdysz9KfQDD41fQrC2Y4vKQdiaUpFT4bXlb1RHhLpp8wtm6M5TgSw==",
      "dev": true,
      "license": "Apache-2.0",
      "bin": {
        "tsc": "bin/tsc",
        "tsserver": "bin/tsserver"
      },
      "engines": {
        "node": ">=14.17"
      }
    },
    "node_modules/undici-types": {
      "version": "7.18.2",
      "resolved": "https://registry.npmjs.org/undici-types/-/undici-types-7.18.2.tgz",
      "integrity": "sha512-AsuCzffGHJybSaRrmr5eHr81mwJU3kjw6M+uprWvCXiNeN9SOGwQ3Jn8jb8m3Z6izVgknn1R0FTCEAP2QrLY/w==",
      "dev": true,
      "license": "MIT"
    }
  }
}
